
Microsoft Visual Studio Solution File, Format Version 12.00
# Visual Studio 15
VisualStudioVersion = 15.0.28010.2050
MinimumVisualStudioVersion = 10.0.40219.1
Project("{FAE04EC0-301F-11D3-BF4B-00C04F79EFBC}") = "AydinUniversityProject.Business", "AydinUniversityProject.Business\AydinUniversityProject.Business.csproj", "{766D3DB2-4041-497D-B336-9D91FE225463}"
EndProject
Project("{FAE04EC0-301F-11D3-BF4B-00C04F79EFBC}") = "AydinUniversityProject.Data", "AydinUniversityProject.Data\AydinUniversityProject.Data.csproj", "{59CDB858-43C6-456C-96A2-ABFFD6EC8940}"
EndProject
Project("{FAE04EC0-301F-11D3-BF4B-00C04F79EFBC}") = "AydinUniversityProject.Database", "AydinUniversityProject.Database\AydinUniversityProject.Database.csproj", "{AE33CEF0-1D54-4C7B-B3DB-37BB0DF3D4CE}"
EndProject
Project("{FAE04EC0-301F-11D3-BF4B-00C04F79EFBC}") = "AydinUniversityProject.MVCAPI", "AydinUniversityProject.MVCAPI\AydinUniversityProject.MVCAPI.csproj", "{F4D4DBBA-E359-4030-9993-669CC22D84F5}"
EndProject
Project("{FAE04EC0-301F-11D3-BF4B-00C04F79EFBC}") = "AydinUniversityProject.DummyInsertionConsole", "AydinUniversityProject.DummyInsertionConsole\AydinUniversityProject.DummyInsertionConsole.csproj", "{61DBC6EC-1095-4F45-A643-FA724FDFA257}"
EndProject
Global
	GlobalSection(SolutionConfigurationPlatforms) = preSolution
		Debug|Any CPU = Debug|Any CPU
		Release|Any CPU = Release|Any CPU
	EndGlobalSection
	GlobalSection(ProjectConfigurationPlatforms) = postSolution
		{766D3DB2-4041-497D-B336-9D91FE225463}.Debug|Any CPU.ActiveCfg = Debug|Any CPU
		{766D3DB2-4041-497D-B336-9D91FE225463}.Debug|Any CPU.Build.0 = Debug|Any CPU
		{766D3DB2-4041-497D-B336-9D91FE225463}.Release|Any CPU.ActiveCfg = Release|Any CPU
		{766D3DB2-4041-497D-B336-9D91FE225463}.Release|Any CPU.Build.0 = Release|Any CPU
		{59CDB858-43C6-456C-96A2-ABFFD6EC8940}.Debug|Any CPU.ActiveCfg = Debug|Any CPU
		{59CDB858-43C6-456C-96A2-ABFFD6EC8940}.Debug|Any CPU.Build.0 = Debug|Any CPU
		{59CDB858-43C6-456C-96A2-ABFFD6EC8940}.Release|Any CPU.ActiveCfg = Release|Any CPU
		{59CDB858-43C6-456C-96A2-ABFFD6EC8940}.Release|Any CPU.Build.0 = Release|Any CPU
		{AE33CEF0-1D54-4C7B-B3DB-37BB0DF3D4CE}.Debug|Any CPU.ActiveCfg = Debug|Any CPU
		{AE33CEF0-1D54-4C7B-B3DB-37BB0DF3D4CE}.Debug|Any CPU.Build.0 = Debug|Any CPU
		{AE33CEF0-1D54-4C7B-B3DB-37BB0DF3D4CE}.Release|Any CPU.ActiveCfg = Release|Any CPU
		{AE33CEF0-1D54-4C7B-B3DB-37BB0DF3D4CE}.Release|Any CPU.Build.0 = Release|Any CPU
		{F4D4DBBA-E359-4030-9993-669CC22D84F5}.Debug|Any CPU.ActiveCfg = Debug|Any CPU
		{F4D4DBBA-E359-4030-9993-669CC22D84F5}.Debug|Any CPU.Build.0 = Debug|Any CPU
		{F4D4DBBA-E359-4030-9993-669CC22D84F5}.Release|Any CPU.ActiveCfg = Release|Any CPU
		{F4D4DBBA-E359-4030-9993-669CC22D84F5}.Release|Any CPU.Build.0 = Release|Any CPU
		{61DBC6EC-1095-4F45-A643-FA724FDFA257}.Debug|Any CPU.ActiveCfg = Debug|Any CPU
		{61DBC6EC-1095-4F45-A643-FA724FDFA257}.Debug|Any CPU.Build.0 = Debug|Any CPU
		{61DBC6EC-1095-4F45-A643-FA724FDFA257}.Release|Any CPU.ActiveCfg = Release|Any CPU
		{61DBC6EC-1095-4F45-A643-FA724FDFA257}.Release|Any CPU.Build.0 = Release|Any CPU
	EndGlobalSection
	GlobalSection(SolutionProperties) = preSolution
		HideSolutionNode = FALSE
	EndGlobalSection
	GlobalSection(ExtensibilityGlobals) = postSolution
		SolutionGuid = {4664564F-C496-40FC-B9A3-A6C5CB4DE60A}
	EndGlobalSection
EndGlobal
